
Microsoft Visual Studio Solution File, Format Version 12.00
# Visual Studio Version 17
VisualStudioVersion = 17.2.32630.192
MinimumVisualStudioVersion = 10.0.40219.1
Project("{FAE04EC0-301F-11D3-BF4B-00C04F79EFBC}") = "BikerNetApi", "BikerNetApi\BikerNetApi.csproj", "{CA798C0A-7F48-4130-9EB7-BB07EED32D8B}"
EndProject
Global
	GlobalSection(SolutionConfigurationPlatforms) = preSolution
		Debug|Any CPU = Debug|Any CPU
		Release|Any CPU = Release|Any CPU
	EndGlobalSection
	GlobalSection(ProjectConfigurationPlatforms) = postSolution
		{CA798C0A-7F48-4130-9EB7-BB07EED32D8B}.Debug|Any CPU.ActiveCfg = Debug|Any CPU
		{CA798C0A-7F48-4130-9EB7-BB07EED32D8B}.Debug|Any CPU.Build.0 = Debug|Any CPU
		{CA798C0A-7F48-4130-9EB7-BB07EED32D8B}.Release|Any CPU.ActiveCfg = Release|Any CPU
		{CA798C0A-7F48-4130-9EB7-BB07EED32D8B}.Release|Any CPU.Build.0 = Release|Any CPU
	EndGlobalSection
	GlobalSection(SolutionProperties) = preSolution
		HideSolutionNode = FALSE
	EndGlobalSection
	GlobalSection(ExtensibilityGlobals) = postSolution
		SolutionGuid = {0C2A5B4B-5604-4B4F-A1CE-0B52DACE9B2B}
	EndGlobalSection
EndGlobal
